
Microsoft Visual Studio Solution File, Format Version 12.00
# Visual Studio Version 16
VisualStudioVersion = 16.0.29424.173
MinimumVisualStudioVersion = 10.0.40219.1
Project("{FAE04EC0-301F-11D3-BF4B-00C04F79EFBC}") = "array_handker_second_without_class_method", "array_handker_second_without_class_method.csproj", "{96FB6CC2-0BF4-43AB-8C44-5A9099792871}"
EndProject
Global
	GlobalSection(SolutionConfigurationPlatforms) = preSolution
		Debug|Any CPU = Debug|Any CPU
		Release|Any CPU = Release|Any CPU
	EndGlobalSection
	GlobalSection(ProjectConfigurationPlatforms) = postSolution
		{96FB6CC2-0BF4-43AB-8C44-5A9099792871}.Debug|Any CPU.ActiveCfg = Debug|Any CPU
		{96FB6CC2-0BF4-43AB-8C44-5A9099792871}.Debug|Any CPU.Build.0 = Debug|Any CPU
		{96FB6CC2-0BF4-43AB-8C44-5A9099792871}.Release|Any CPU.ActiveCfg = Release|Any CPU
		{96FB6CC2-0BF4-43AB-8C44-5A9099792871}.Release|Any CPU.Build.0 = Release|Any CPU
	EndGlobalSection
	GlobalSection(SolutionProperties) = preSolution
		HideSolutionNode = FALSE
	EndGlobalSection
	GlobalSection(ExtensibilityGlobals) = postSolution
		SolutionGuid = {DCDDDBBA-48C6-4167-AEC8-0FB72D03F26C}
	EndGlobalSection
EndGlobal
