
Microsoft Visual Studio Solution File, Format Version 12.00
# Visual Studio Version 16
VisualStudioVersion = 16.0.29230.47
MinimumVisualStudioVersion = 10.0.40219.1
Project("{FAE04EC0-301F-11D3-BF4B-00C04F79EFBC}") = "first_asp_dot_net_app", "first_asp_dot_net_app.csproj", "{DFDDBDAE-AB20-4A45-95AE-9D56FF29777A}"
EndProject
Global
	GlobalSection(SolutionConfigurationPlatforms) = preSolution
		Debug|Any CPU = Debug|Any CPU
		Release|Any CPU = Release|Any CPU
	EndGlobalSection
	GlobalSection(ProjectConfigurationPlatforms) = postSolution
		{DFDDBDAE-AB20-4A45-95AE-9D56FF29777A}.Debug|Any CPU.ActiveCfg = Debug|Any CPU
		{DFDDBDAE-AB20-4A45-95AE-9D56FF29777A}.Debug|Any CPU.Build.0 = Debug|Any CPU
		{DFDDBDAE-AB20-4A45-95AE-9D56FF29777A}.Release|Any CPU.ActiveCfg = Release|Any CPU
		{DFDDBDAE-AB20-4A45-95AE-9D56FF29777A}.Release|Any CPU.Build.0 = Release|Any CPU
	EndGlobalSection
	GlobalSection(SolutionProperties) = preSolution
		HideSolutionNode = FALSE
	EndGlobalSection
	GlobalSection(ExtensibilityGlobals) = postSolution
		SolutionGuid = {B5CCDD84-70CE-4212-A558-B07E0070E444}
	EndGlobalSection
EndGlobal
