
Microsoft Visual Studio Solution File, Format Version 12.00
# Visual Studio Version 16
VisualStudioVersion = 16.0.29230.47
MinimumVisualStudioVersion = 10.0.40219.1
Project("{FAE04EC0-301F-11D3-BF4B-00C04F79EFBC}") = "linq_sqaured_positive_numbers", "linq_sqaured_positive_numbers.csproj", "{807D3A6E-88C3-4074-8996-452B8DFE7B42}"
EndProject
Global
	GlobalSection(SolutionConfigurationPlatforms) = preSolution
		Debug|Any CPU = Debug|Any CPU
		Release|Any CPU = Release|Any CPU
	EndGlobalSection
	GlobalSection(ProjectConfigurationPlatforms) = postSolution
		{807D3A6E-88C3-4074-8996-452B8DFE7B42}.Debug|Any CPU.ActiveCfg = Debug|Any CPU
		{807D3A6E-88C3-4074-8996-452B8DFE7B42}.Debug|Any CPU.Build.0 = Debug|Any CPU
		{807D3A6E-88C3-4074-8996-452B8DFE7B42}.Release|Any CPU.ActiveCfg = Release|Any CPU
		{807D3A6E-88C3-4074-8996-452B8DFE7B42}.Release|Any CPU.Build.0 = Release|Any CPU
	EndGlobalSection
	GlobalSection(SolutionProperties) = preSolution
		HideSolutionNode = FALSE
	EndGlobalSection
	GlobalSection(ExtensibilityGlobals) = postSolution
		SolutionGuid = {617C16DC-2B96-41C6-8FA7-CE9400DFB157}
	EndGlobalSection
EndGlobal
