
Microsoft Visual Studio Solution File, Format Version 12.00
# Visual Studio Version 16
VisualStudioVersion = 16.0.29230.47
MinimumVisualStudioVersion = 10.0.40219.1
Project("{FAE04EC0-301F-11D3-BF4B-00C04F79EFBC}") = "linq_matching_array_string", "linq_matching_array_string.csproj", "{151E66DA-EB9B-4472-B464-215FBAAE09DD}"
EndProject
Global
	GlobalSection(SolutionConfigurationPlatforms) = preSolution
		Debug|Any CPU = Debug|Any CPU
		Release|Any CPU = Release|Any CPU
	EndGlobalSection
	GlobalSection(ProjectConfigurationPlatforms) = postSolution
		{151E66DA-EB9B-4472-B464-215FBAAE09DD}.Debug|Any CPU.ActiveCfg = Debug|Any CPU
		{151E66DA-EB9B-4472-B464-215FBAAE09DD}.Debug|Any CPU.Build.0 = Debug|Any CPU
		{151E66DA-EB9B-4472-B464-215FBAAE09DD}.Release|Any CPU.ActiveCfg = Release|Any CPU
		{151E66DA-EB9B-4472-B464-215FBAAE09DD}.Release|Any CPU.Build.0 = Release|Any CPU
	EndGlobalSection
	GlobalSection(SolutionProperties) = preSolution
		HideSolutionNode = FALSE
	EndGlobalSection
	GlobalSection(ExtensibilityGlobals) = postSolution
		SolutionGuid = {7D07FAC1-8F13-4C1C-85D5-A8BE6651F612}
	EndGlobalSection
EndGlobal
