
Microsoft Visual Studio Solution File, Format Version 12.00
# Visual Studio Version 16
VisualStudioVersion = 16.0.29230.47
MinimumVisualStudioVersion = 10.0.40219.1
Project("{FAE04EC0-301F-11D3-BF4B-00C04F79EFBC}") = "sum", "sum.csproj", "{7E21F257-4920-4A0F-99B9-90B47662C2AD}"
EndProject
Project("{FAE04EC0-301F-11D3-BF4B-00C04F79EFBC}") = "sum_testing", "..\sum_testing\sum_testing.csproj", "{B11DF067-60FF-4DAF-92CB-B696DD128297}"
EndProject
Global
	GlobalSection(SolutionConfigurationPlatforms) = preSolution
		Debug|Any CPU = Debug|Any CPU
		Release|Any CPU = Release|Any CPU
	EndGlobalSection
	GlobalSection(ProjectConfigurationPlatforms) = postSolution
		{7E21F257-4920-4A0F-99B9-90B47662C2AD}.Debug|Any CPU.ActiveCfg = Debug|Any CPU
		{7E21F257-4920-4A0F-99B9-90B47662C2AD}.Debug|Any CPU.Build.0 = Debug|Any CPU
		{7E21F257-4920-4A0F-99B9-90B47662C2AD}.Release|Any CPU.ActiveCfg = Release|Any CPU
		{7E21F257-4920-4A0F-99B9-90B47662C2AD}.Release|Any CPU.Build.0 = Release|Any CPU
		{B11DF067-60FF-4DAF-92CB-B696DD128297}.Debug|Any CPU.ActiveCfg = Debug|Any CPU
		{B11DF067-60FF-4DAF-92CB-B696DD128297}.Debug|Any CPU.Build.0 = Debug|Any CPU
		{B11DF067-60FF-4DAF-92CB-B696DD128297}.Release|Any CPU.ActiveCfg = Release|Any CPU
		{B11DF067-60FF-4DAF-92CB-B696DD128297}.Release|Any CPU.Build.0 = Release|Any CPU
	EndGlobalSection
	GlobalSection(SolutionProperties) = preSolution
		HideSolutionNode = FALSE
	EndGlobalSection
	GlobalSection(ExtensibilityGlobals) = postSolution
		SolutionGuid = {D9B74AEB-0CF6-4DC9-9D03-E8FD8B228214}
	EndGlobalSection
EndGlobal
