
Microsoft Visual Studio Solution File, Format Version 12.00
# Visual Studio Version 16
VisualStudioVersion = 16.0.29230.47
MinimumVisualStudioVersion = 10.0.40219.1
Project("{FAE04EC0-301F-11D3-BF4B-00C04F79EFBC}") = "dice_set", "dice_set.csproj", "{6BF432FF-7F61-46EE-A95F-D5105E23D0D9}"
EndProject
Global
	GlobalSection(SolutionConfigurationPlatforms) = preSolution
		Debug|Any CPU = Debug|Any CPU
		Release|Any CPU = Release|Any CPU
	EndGlobalSection
	GlobalSection(ProjectConfigurationPlatforms) = postSolution
		{6BF432FF-7F61-46EE-A95F-D5105E23D0D9}.Debug|Any CPU.ActiveCfg = Debug|Any CPU
		{6BF432FF-7F61-46EE-A95F-D5105E23D0D9}.Debug|Any CPU.Build.0 = Debug|Any CPU
		{6BF432FF-7F61-46EE-A95F-D5105E23D0D9}.Release|Any CPU.ActiveCfg = Release|Any CPU
		{6BF432FF-7F61-46EE-A95F-D5105E23D0D9}.Release|Any CPU.Build.0 = Release|Any CPU
	EndGlobalSection
	GlobalSection(SolutionProperties) = preSolution
		HideSolutionNode = FALSE
	EndGlobalSection
	GlobalSection(ExtensibilityGlobals) = postSolution
		SolutionGuid = {30C5F5FA-1381-4DD0-93FA-0DF439187C64}
	EndGlobalSection
EndGlobal
