
Microsoft Visual Studio Solution File, Format Version 12.00
# Visual Studio Version 16
VisualStudioVersion = 16.0.29230.47
MinimumVisualStudioVersion = 10.0.40219.1
Project("{FAE04EC0-301F-11D3-BF4B-00C04F79EFBC}") = "linq_find_uppercase_in_string", "linq_find_uppercase_in_string.csproj", "{B8657249-4774-4C79-81F0-D9E93853A4FB}"
EndProject
Global
	GlobalSection(SolutionConfigurationPlatforms) = preSolution
		Debug|Any CPU = Debug|Any CPU
		Release|Any CPU = Release|Any CPU
	EndGlobalSection
	GlobalSection(ProjectConfigurationPlatforms) = postSolution
		{B8657249-4774-4C79-81F0-D9E93853A4FB}.Debug|Any CPU.ActiveCfg = Debug|Any CPU
		{B8657249-4774-4C79-81F0-D9E93853A4FB}.Debug|Any CPU.Build.0 = Debug|Any CPU
		{B8657249-4774-4C79-81F0-D9E93853A4FB}.Release|Any CPU.ActiveCfg = Release|Any CPU
		{B8657249-4774-4C79-81F0-D9E93853A4FB}.Release|Any CPU.Build.0 = Release|Any CPU
	EndGlobalSection
	GlobalSection(SolutionProperties) = preSolution
		HideSolutionNode = FALSE
	EndGlobalSection
	GlobalSection(ExtensibilityGlobals) = postSolution
		SolutionGuid = {1D0B13C1-F2A1-4EBC-AB25-CD01FBDD32C4}
	EndGlobalSection
EndGlobal
